// !$*UTF8*$!
{
	archiveVersion = 1;
	classes = {
	};
	objectVersion = 46;
	objects = {

/* Begin PBXBuildFile section */
		298FD5071F0B8FE6003F9C9F /* main.m in Sources */ = {isa = PBXBuildFile; fileRef = 298FD5061F0B8FE6003F9C9F /* main.m */; };
		298FD50A1F0B8FE6003F9C9F /* AppDelegate.m in Sources */ = {isa = PBXBuildFile; fileRef = 298FD5091F0B8FE6003F9C9F /* AppDelegate.m */; };
		298FD50D1F0B8FE6003F9C9F /* ViewController.m in Sources */ = {isa = PBXBuildFile; fileRef = 298FD50C1F0B8FE6003F9C9F /* ViewController.m */; };
		298FD5101F0B8FE6003F9C9F /* Main.storyboard in Resources */ = {isa = PBXBuildFile; fileRef = 298FD50E1F0B8FE6003F9C9F /* Main.storyboard */; };
		298FD5121F0B8FE6003F9C9F /* Assets.xcassets in Resources */ = {isa = PBXBuildFile; fileRef = 298FD5111F0B8FE6003F9C9F /* Assets.xcassets */; };
		298FD5151F0B8FE6003F9C9F /* LaunchScreen.storyboard in Resources */ = {isa = PBXBuildFile; fileRef = 298FD5131F0B8FE6003F9C9F /* LaunchScreen.storyboard */; };
		298FD5201F0B8FE6003F9C9F /* StudyDemoTests.m in Sources */ = {isa = PBXBuildFile; fileRef = 298FD51F1F0B8FE6003F9C9F /* StudyDemoTests.m */; };
		298FD52B1F0B8FE6003F9C9F /* StudyDemoUITests.m in Sources */ = {isa = PBXBuildFile; fileRef = 298FD52A1F0B8FE6003F9C9F /* StudyDemoUITests.m */; };
/* End PBXBuildFile section */

/* Begin PBXContainerItemProxy section */
		298FD51C1F0B8FE6003F9C9F /* PBXContainerItemProxy */ = {
			isa = PBXContainerItemProxy;
			containerPortal = 298FD4FA1F0B8FE6003F9C9F /* Project object */;
			proxyType = 1;
			remoteGlobalIDString = 298FD5011F0B8FE6003F9C9F;
			remoteInfo = StudyDemo;
		};
		298FD5271F0B8FE6003F9C9F /* PBXContainerItemProxy */ = {
			isa = PBXContainerItemProxy;
			containerPortal = 298FD4FA1F0B8FE6003F9C9F /* Project object */;
			proxyType = 1;
			remoteGlobalIDString = 298FD5011F0B8FE6003F9C9F;
			remoteInfo = StudyDemo;
		};
/* End PBXContainerItemProxy section */

/* Begin PBXFileReference section */
		298FD5021F0B8FE6003F9C9F /* StudyDemo.app */ = {isa = PBXFileReference; explicitFileType = wrapper.application; includeInIndex = 0; path = StudyDemo.app; sourceTree = BUILT_PRODUCTS_DIR; };
		298FD5061F0B8FE6003F9C9F /* main.m */ = {isa = PBXFileReference; lastKnownFileType = sourcecode.c.objc; path = main.m; sourceTree = "<group>"; };
		298FD5081F0B8FE6003F9C9F /* AppDelegate.h */ = {isa = PBXFileReference; lastKnownFileType = sourcecode.c.h; path = AppDelegate.h; sourceTree = "<group>"; };
		298FD5091F0B8FE6003F9C9F /* AppDelegate.m */ = {isa = PBXFileReference; lastKnownFileType = sourcecode.c.objc; path = AppDelegate.m; sourceTree = "<group>"; };
		298FD50B1F0B8FE6003F9C9F /* ViewController.h */ = {isa = PBXFileReference; lastKnownFileType = sourcecode.c.h; path = ViewController.h; sourceTree = "<group>"; };
		298FD50C1F0B8FE6003F9C9F /* ViewController.m */ = {isa = PBXFileReference; lastKnownFileType = sourcecode.c.objc; path = ViewController.m; sourceTree = "<group>"; };
		298FD50F1F0B8FE6003F9C9F /* Base */ = {isa = PBXFileReference; lastKnownFileType = file.storyboard; name = Base; path = Base.lproj/Main.storyboard; sourceTree = "<group>"; };
		298FD5111F0B8FE6003F9C9F /* Assets.xcassets */ = {isa = PBXFileReference; lastKnownFileType = folder.assetcatalog; path = Assets.xcassets; sourceTree = "<group>"; };
		298FD5141F0B8FE6003F9C9F /* Base */ = {isa = PBXFileReference; lastKnownFileType = file.storyboard; name = Base; path = Base.lproj/LaunchScreen.storyboard; sourceTree = "<group>"; };
		298FD5161F0B8FE6003F9C9F /* Info.plist */ = {isa = PBXFileReference; lastKnownFileType = text.plist.xml; path = Info.plist; sourceTree = "<group>"; };
		298FD51B1F0B8FE6003F9C9F /* StudyDemoTests.xctest */ = {isa = PBXFileReference; explicitFileType = wrapper.cfbundle; includeInIndex = 0; path = StudyDemoTests.xctest; sourceTree = BUILT_PRODUCTS_DIR; };
		298FD51F1F0B8FE6003F9C9F /* StudyDemoTests.m */ = {isa = PBXFileReference; lastKnownFileType = sourcecode.c.objc; path = StudyDemoTests.m; sourceTree = "<group>"; };
		298FD5211F0B8FE6003F9C9F /* Info.plist */ = {isa = PBXFileReference; lastKnownFileType = text.plist.xml; path = Info.plist; sourceTree = "<group>"; };
		298FD5261F0B8FE6003F9C9F /* StudyDemoUITests.xctest */ = {isa = PBXFileReference; explicitFileType = wrapper.cfbundle; includeInIndex = 0; path = StudyDemoUITests.xctest; sourceTree = BUILT_PRODUCTS_DIR; };
		298FD52A1F0B8FE6003F9C9F /* StudyDemoUITests.m */ = {isa = PBXFileReference; lastKnownFileType = sourcecode.c.objc; path = StudyDemoUITests.m; sourceTree = "<group>"; };
		298FD52C1F0B8FE6003F9C9F /* Info.plist */ = {isa = PBXFileReference; lastKnownFileType = text.plist.xml; path = Info.plist; sourceTree = "<group>"; };
/* End PBXFileReference section */

/* Begin PBXFrameworksBuildPhase section */
		298FD4FF1F0B8FE6003F9C9F /* Frameworks */ = {
			isa = PBXFrameworksBuildPhase;
			buildActionMask = 2147483647;
			files = (
			);
			runOnlyForDeploymentPostprocessing = 0;
		};
		298FD5181F0B8FE6003F9C9F /* Frameworks */ = {
			isa = PBXFrameworksBuildPhase;
			buildActionMask = 2147483647;
			files = (
			);
			runOnlyForDeploymentPostprocessing = 0;
		};
		298FD5231F0B8FE6003F9C9F /* Frameworks */ = {
			isa = PBXFrameworksBuildPhase;
			buildActionMask = 2147483647;
			files = (
			);
			runOnlyForDeploymentPostprocessing = 0;
		};
/* End PBXFrameworksBuildPhase section */

/* Begin PBXGroup section */
		298FD4F91F0B8FE6003F9C9F = {
			isa = PBXGroup;
			children = (
				298FD5041F0B8FE6003F9C9F /* StudyDemo */,
				298FD51E1F0B8FE6003F9C9F /* StudyDemoTests */,
				298FD5291F0B8FE6003F9C9F /* StudyDemoUITests */,
				298FD5031F0B8FE6003F9C9F /* Products */,
			);
			sourceTree = "<group>";
		};
		298FD5031F0B8FE6003F9C9F /* Products */ = {
			isa = PBXGroup;
			children = (
				298FD5021F0B8FE6003F9C9F /* StudyDemo.app */,
				298FD51B1F0B8FE6003F9C9F /* StudyDemoTests.xctest */,
				298FD5261F0B8FE6003F9C9F /* StudyDemoUITests.xctest */,
			);
			name = Products;
			sourceTree = "<group>";
		};
		298FD5041F0B8FE6003F9C9F /* StudyDemo */ = {
			isa = PBXGroup;
			children = (
				298FD5081F0B8FE6003F9C9F /* AppDelegate.h */,
				298FD5091F0B8FE6003F9C9F /* AppDelegate.m */,
				298FD50B1F0B8FE6003F9C9F /* ViewController.h */,
				298FD50C1F0B8FE6003F9C9F /* ViewController.m */,
				298FD50E1F0B8FE6003F9C9F /* Main.storyboard */,
				298FD5111F0B8FE6003F9C9F /* Assets.xcassets */,
				298FD5131F0B8FE6003F9C9F /* LaunchScreen.storyboard */,
				298FD5161F0B8FE6003F9C9F /* Info.plist */,
				298FD5051F0B8FE6003F9C9F /* Supporting Files */,
			);
			path = StudyDemo;
			sourceTree = "<group>";
		};
		298FD5051F0B8FE6003F9C9F /* Supporting Files */ = {
			isa = PBXGroup;
			children = (
				298FD5061F0B8FE6003F9C9F /* main.m */,
			);
			name = "Supporting Files";
			sourceTree = "<group>";
		};
		298FD51E1F0B8FE6003F9C9F /* StudyDemoTests */ = {
			isa = PBXGroup;
			children = (
				298FD51F1F0B8FE6003F9C9F /* StudyDemoTests.m */,
				298FD5211F0B8FE6003F9C9F /* Info.plist */,
			);
			path = StudyDemoTests;
			sourceTree = "<group>";
		};
		298FD5291F0B8FE6003F9C9F /* StudyDemoUITests */ = {
			isa = PBXGroup;
			children = (
				298FD52A1F0B8FE6003F9C9F /* StudyDemoUITests.m */,
				298FD52C1F0B8FE6003F9C9F /* Info.plist */,
			);
			path = StudyDemoUITests;
			sourceTree = "<group>";
		};
/* End PBXGroup section */

/* Begin PBXNativeTarget section */
		298FD5011F0B8FE6003F9C9F /* StudyDemo */ = {
			isa = PBXNativeTarget;
			buildConfigurationList = 298FD52F1F0B8FE6003F9C9F /* Build configuration list for PBXNativeTarget "StudyDemo" */;
			buildPhases = (
				298FD4FE1F0B8FE6003F9C9F /* Sources */,
				298FD4FF1F0B8FE6003F9C9F /* Frameworks */,
				298FD5001F0B8FE6003F9C9F /* Resources */,
			);
			buildRules = (
			);
			dependencies = (
			);
			name = StudyDemo;
			productName = StudyDemo;
			productReference = 298FD5021F0B8FE6003F9C9F /* StudyDemo.app */;
			productType = "com.apple.product-type.application";
		};
		298FD51A1F0B8FE6003F9C9F /* StudyDemoTests */ = {
			isa = PBXNativeTarget;
			buildConfigurationList = 298FD5321F0B8FE6003F9C9F /* Build configuration list for PBXNativeTarget "StudyDemoTests" */;
			buildPhases = (
				298FD5171F0B8FE6003F9C9F /* Sources */,
				298FD5181F0B8FE6003F9C9F /* Frameworks */,
				298FD5191F0B8FE6003F9C9F /* Resources */,
			);
			buildRules = (
			);
			dependencies = (
				298FD51D1F0B8FE6003F9C9F /* PBXTargetDependency */,
			);
			name = StudyDemoTests;
			productName = StudyDemoTests;
			productReference = 298FD51B1F0B8FE6003F9C9F /* StudyDemoTests.xctest */;
			productType = "com.apple.product-type.bundle.unit-test";
		};
		298FD5251F0B8FE6003F9C9F /* StudyDemoUITests */ = {
			isa = PBXNativeTarget;
			buildConfigurationList = 298FD5351F0B8FE6003F9C9F /* Build configuration list for PBXNativeTarget "StudyDemoUITests" */;
			buildPhases = (
				298FD5221F0B8FE6003F9C9F /* Sources */,
				298FD5231F0B8FE6003F9C9F /* Frameworks */,
				298FD5241F0B8FE6003F9C9F /* Resources */,
			);
			buildRules = (
			);
			dependencies = (
				298FD5281F0B8FE6003F9C9F /* PBXTargetDependency */,
			);
			name = StudyDemoUITests;
			productName = StudyDemoUITests;
			productReference = 298FD5261F0B8FE6003F9C9F /* StudyDemoUITests.xctest */;
			productType = "com.apple.product-type.bundle.ui-testing";
		};
/* End PBXNativeTarget section */

/* Begin PBXProject section */
		298FD4FA1F0B8FE6003F9C9F /* Project object */ = {
			isa = PBXProject;
			attributes = {
				LastUpgradeCheck = 0830;
				ORGANIZATIONNAME = pengjiaxin;
				TargetAttributes = {
					298FD5011F0B8FE6003F9C9F = {
						CreatedOnToolsVersion = 8.3.3;
						ProvisioningStyle = Automatic;
					};
					298FD51A1F0B8FE6003F9C9F = {
						CreatedOnToolsVersion = 8.3.3;
						ProvisioningStyle = Automatic;
						TestTargetID = 298FD5011F0B8FE6003F9C9F;
					};
					298FD5251F0B8FE6003F9C9F = {
						CreatedOnToolsVersion = 8.3.3;
						ProvisioningStyle = Automatic;
						TestTargetID = 298FD5011F0B8FE6003F9C9F;
					};
				};
			};
			buildConfigurationList = 298FD4FD1F0B8FE6003F9C9F /* Build configuration list for PBXProject "StudyDemo" */;
			compatibilityVersion = "Xcode 3.2";
			developmentRegion = English;
			hasScannedForEncodings = 0;
			knownRegions = (
				en,
				Base,
			);
			mainGroup = 298FD4F91F0B8FE6003F9C9F;
			productRefGroup = 298FD5031F0B8FE6003F9C9F /* Products */;
			projectDirPath = "";
			projectRoot = "";
			targets = (
				298FD5011F0B8FE6003F9C9F /* StudyDemo */,
				298FD51A1F0B8FE6003F9C9F /* StudyDemoTests */,
				298FD5251F0B8FE6003F9C9F /* StudyDemoUITests */,
			);
		};
/* End PBXProject section */

/* Begin PBXResourcesBuildPhase section */
		298FD5001F0B8FE6003F9C9F /* Resources */ = {
			isa = PBXResourcesBuildPhase;
			buildActionMask = 2147483647;
			files = (
				298FD5151F0B8FE6003F9C9F /* LaunchScreen.storyboard in Resources */,
				298FD5121F0B8FE6003F9C9F /* Assets.xcassets in Resources */,
				298FD5101F0B8FE6003F9C9F /* Main.storyboard in Resources */,
			);
			runOnlyForDeploymentPostprocessing = 0;
		};
		298FD5191F0B8FE6003F9C9F /* Resources */ = {
			isa = PBXResourcesBuildPhase;
			buildActionMask = 2147483647;
			files = (
			);
			runOnlyForDeploymentPostprocessing = 0;
		};
		298FD5241F0B8FE6003F9C9F /* Resources */ = {
			isa = PBXResourcesBuildPhase;
			buildActionMask = 2147483647;
			files = (
			);
			runOnlyForDeploymentPostprocessing = 0;
		};
/* End PBXResourcesBuildPhase section */

/* Begin PBXSourcesBuildPhase section */
		298FD4FE1F0B8FE6003F9C9F /* Sources */ = {
			isa = PBXSourcesBuildPhase;
			buildActionMask = 2147483647;
			files = (
				298FD50D1F0B8FE6003F9C9F /* ViewController.m in Sources */,
				298FD50A1F0B8FE6003F9C9F /* AppDelegate.m in Sources */,
				298FD5071F0B8FE6003F9C9F /* main.m in Sources */,
			);
			runOnlyForDeploymentPostprocessing = 0;
		};
		298FD5171F0B8FE6003F9C9F /* Sources */ = {
			isa = PBXSourcesBuildPhase;
			buildActionMask = 2147483647;
			files = (
				298FD5201F0B8FE6003F9C9F /* StudyDemoTests.m in Sources */,
			);
			runOnlyForDeploymentPostprocessing = 0;
		};
		298FD5221F0B8FE6003F9C9F /* Sources */ = {
			isa = PBXSourcesBuildPhase;
			buildActionMask = 2147483647;
			files = (
				298FD52B1F0B8FE6003F9C9F /* StudyDemoUITests.m in Sources */,
			);
			runOnlyForDeploymentPostprocessing = 0;
		};
/* End PBXSourcesBuildPhase section */

/* Begin PBXTargetDependency section */
		298FD51D1F0B8FE6003F9C9F /* PBXTargetDependency */ = {
			isa = PBXTargetDependency;
			target = 298FD5011F0B8FE6003F9C9F /* StudyDemo */;
			targetProxy = 298FD51C1F0B8FE6003F9C9F /* PBXContainerItemProxy */;
		};
		298FD5281F0B8FE6003F9C9F /* PBXTargetDependency */ = {
			isa = PBXTargetDependency;
			target = 298FD5011F0B8FE6003F9C9F /* StudyDemo */;
			targetProxy = 298FD5271F0B8FE6003F9C9F /* PBXContainerItemProxy */;
		};
/* End PBXTargetDependency section */

/* Begin PBXVariantGroup section */
		298FD50E1F0B8FE6003F9C9F /* Main.storyboard */ = {
			isa = PBXVariantGroup;
			children = (
				298FD50F1F0B8FE6003F9C9F /* Base */,
			);
			name = Main.storyboard;
			sourceTree = "<group>";
		};
		298FD5131F0B8FE6003F9C9F /* LaunchScreen.storyboard */ = {
			isa = PBXVariantGroup;
			children = (
				298FD5141F0B8FE6003F9C9F /* Base */,
			);
			name = LaunchScreen.storyboard;
			sourceTree = "<group>";
		};
/* End PBXVariantGroup section */

/* Begin XCBuildConfiguration section */
		298FD52D1F0B8FE6003F9C9F /* Debug */ = {
			isa = XCBuildConfiguration;
			buildSettings = {
				ALWAYS_SEARCH_USER_PATHS = NO;
				CLANG_ANALYZER_NONNULL = YES;
				CLANG_ANALYZER_NUMBER_OBJECT_CONVERSION = YES_AGGRESSIVE;
				CLANG_CXX_LANGUAGE_STANDARD = "gnu++0x";
				CLANG_CXX_LIBRARY = "libc++";
				CLANG_ENABLE_MODULES = YES;
				CLANG_ENABLE_OBJC_ARC = YES;
				CLANG_WARN_BOOL_CONVERSION = YES;
				CLANG_WARN_CONSTANT_CONVERSION = YES;
				CLANG_WARN_DIRECT_OBJC_ISA_USAGE = YES_ERROR;
				CLANG_WARN_DOCUMENTATION_COMMENTS = YES;
				CLANG_WARN_EMPTY_BODY = YES;
				CLANG_WARN_ENUM_CONVERSION = YES;
				CLANG_WARN_INFINITE_RECURSION = YES;
				CLANG_WARN_INT_CONVERSION = YES;
				CLANG_WARN_OBJC_ROOT_CLASS = YES_ERROR;
				CLANG_WARN_SUSPICIOUS_MOVE = YES;
				CLANG_WARN_UNREACHABLE_CODE = YES;
				CLANG_WARN__DUPLICATE_METHOD_MATCH = YES;
				"CODE_SIGN_IDENTITY[sdk=iphoneos*]" = "iPhone Developer";
				COPY_PHASE_STRIP = NO;
				DEBUG_INFORMATION_FORMAT = dwarf;
				ENABLE_STRICT_OBJC_MSGSEND = YES;
				ENABLE_TESTABILITY = YES;
				GCC_C_LANGUAGE_STANDARD = gnu99;
				GCC_DYNAMIC_NO_PIC = NO;
				GCC_NO_COMMON_BLOCKS = YES;
				GCC_OPTIMIZATION_LEVEL = 0;
				GCC_PREPROCESSOR_DEFINITIONS = (
					"DEBUG=1",
					"$(inherited)",
				);
				GCC_WARN_64_TO_32_BIT_CONVERSION = YES;
				GCC_WARN_ABOUT_RETURN_TYPE = YES_ERROR;
				GCC_WARN_UNDECLARED_SELECTOR = YES;
				GCC_WARN_UNINITIALIZED_AUTOS = YES_AGGRESSIVE;
				GCC_WARN_UNUSED_FUNCTION = YES;
				GCC_WARN_UNUSED_VARIABLE = YES;
				IPHONEOS_DEPLOYMENT_TARGET = 10.3;
				MTL_ENABLE_DEBUG_INFO = YES;
				ONLY_ACTIVE_ARCH = YES;
				SDKROOT = iphoneos;
			};
			name = Debug;
		};
		298FD52E1F0B8FE6003F9C9F /* Release */ = {
			isa = XCBuildConfiguration;
			buildSettings = {
				ALWAYS_SEARCH_USER_PATHS = NO;
				CLANG_ANALYZER_NONNULL = YES;
				CLANG_ANALYZER_NUMBER_OBJECT_CONVERSION = YES_AGGRESSIVE;
				CLANG_CXX_LANGUAGE_STANDARD = "gnu++0x";
				CLANG_CXX_LIBRARY = "libc++";
				CLANG_ENABLE_MODULES = YES;
				CLANG_ENABLE_OBJC_ARC = YES;
				CLANG_WARN_BOOL_CONVERSION = YES;
				CLANG_WARN_CONSTANT_CONVERSION = YES;
				CLANG_WARN_DIRECT_OBJC_ISA_USAGE = YES_ERROR;
				CLANG_WARN_DOCUMENTATION_COMMENTS = YES;
				CLANG_WARN_EMPTY_BODY = YES;
				CLANG_WARN_ENUM_CONVERSION = YES;
				CLANG_WARN_INFINITE_RECURSION = YES;
				CLANG_WARN_INT_CONVERSION = YES;
				CLANG_WARN_OBJC_ROOT_CLASS = YES_ERROR;
				CLANG_WARN_SUSPICIOUS_MOVE = YES;
				CLANG_WARN_UNREACHABLE_CODE = YES;
				CLANG_WARN__DUPLICATE_METHOD_MATCH = YES;
				"CODE_SIGN_IDENTITY[sdk=iphoneos*]" = "iPhone Developer";
				COPY_PHASE_STRIP = NO;
				DEBUG_INFORMATION_FORMAT = "dwarf-with-dsym";
				ENABLE_NS_ASSERTIONS = NO;
				ENABLE_STRICT_OBJC_MSGSEND = YES;
				GCC_C_LANGUAGE_STANDARD = gnu99;
				GCC_NO_COMMON_BLOCKS = YES;
				GCC_WARN_64_TO_32_BIT_CONVERSION = YES;
				GCC_WARN_ABOUT_RETURN_TYPE = YES_ERROR;
				GCC_WARN_UNDECLARED_SELECTOR = YES;
				GCC_WARN_UNINITIALIZED_AUTOS = YES_AGGRESSIVE;
				GCC_WARN_UNUSED_FUNCTION = YES;
				GCC_WARN_UNUSED_VARIABLE = YES;
				IPHONEOS_DEPLOYMENT_TARGET = 10.3;
				MTL_ENABLE_DEBUG_INFO = NO;
				SDKROOT = iphoneos;
				VALIDATE_PRODUCT = YES;
			};
			name = Release;
		};
		298FD5301F0B8FE6003F9C9F /* Debug */ = {
			isa = XCBuildConfiguration;
			buildSettings = {
				ASSETCATALOG_COMPILER_APPICON_NAME = AppIcon;
				INFOPLIST_FILE = StudyDemo/Info.plist;
				LD_RUNPATH_SEARCH_PATHS = "$(inherited) @executable_path/Frameworks";
				PRODUCT_BUNDLE_IDENTIFIER = TianCity.StudyDemo;
				PRODUCT_NAME = "$(TARGET_NAME)";
			};
			name = Debug;
		};
		298FD5311F0B8FE6003F9C9F /* Release */ = {
			isa = XCBuildConfiguration;
			buildSettings = {
				ASSETCATALOG_COMPILER_APPICON_NAME = AppIcon;
				INFOPLIST_FILE = StudyDemo/Info.plist;
				LD_RUNPATH_SEARCH_PATHS = "$(inherited) @executable_path/Frameworks";
				PRODUCT_BUNDLE_IDENTIFIER = TianCity.StudyDemo;
				PRODUCT_NAME = "$(TARGET_NAME)";
			};
			name = Release;
		};
		298FD5331F0B8FE6003F9C9F /* Debug */ = {
			isa = XCBuildConfiguration;
			buildSettings = {
				BUNDLE_LOADER = "$(TEST_HOST)";
				INFOPLIST_FILE = StudyDemoTests/Info.plist;
				LD_RUNPATH_SEARCH_PATHS = "$(inherited) @executable_path/Frameworks @loader_path/Frameworks";
				PRODUCT_BUNDLE_IDENTIFIER = TianCity.StudyDemoTests;
				PRODUCT_NAME = "$(TARGET_NAME)";
				TEST_HOST = "$(BUILT_PRODUCTS_DIR)/StudyDemo.app/StudyDemo";
			};
			name = Debug;
		};
		298FD5341F0B8FE6003F9C9F /* Release */ = {
			isa = XCBuildConfiguration;
			buildSettings = {
				BUNDLE_LOADER = "$(TEST_HOST)";
				INFOPLIST_FILE = StudyDemoTests/Info.plist;
				LD_RUNPATH_SEARCH_PATHS = "$(inherited) @executable_path/Frameworks @loader_path/Frameworks";
				PRODUCT_BUNDLE_IDENTIFIER = TianCity.StudyDemoTests;
				PRODUCT_NAME = "$(TARGET_NAME)";
				TEST_HOST = "$(BUILT_PRODUCTS_DIR)/StudyDemo.app/StudyDemo";
			};
			name = Release;
		};
		298FD5361F0B8FE6003F9C9F /* Debug */ = {
			isa = XCBuildConfiguration;
			buildSettings = {
				INFOPLIST_FILE = StudyDemoUITests/Info.plist;
				LD_RUNPATH_SEARCH_PATHS = "$(inherited) @executable_path/Frameworks @loader_path/Frameworks";
				PRODUCT_BUNDLE_IDENTIFIER = TianCity.StudyDemoUITests;
				PRODUCT_NAME = "$(TARGET_NAME)";
				TEST_TARGET_NAME = StudyDemo;
			};
			name = Debug;
		};
		298FD5371F0B8FE6003F9C9F /* Release */ = {
			isa = XCBuildConfiguration;
			buildSettings = {
				INFOPLIST_FILE = StudyDemoUITests/Info.plist;
				LD_RUNPATH_SEARCH_PATHS = "$(inherited) @executable_path/Frameworks @loader_path/Frameworks";
				PRODUCT_BUNDLE_IDENTIFIER = TianCity.StudyDemoUITests;
				PRODUCT_NAME = "$(TARGET_NAME)";
				TEST_TARGET_NAME = StudyDemo;
			};
			name = Release;
		};
/* End XCBuildConfiguration section */

/* Begin XCConfigurationList section */
		298FD4FD1F0B8FE6003F9C9F /* Build configuration list for PBXProject "StudyDemo" */ = {
			isa = XCConfigurationList;
			buildConfigurations = (
				298FD52D1F0B8FE6003F9C9F /* Debug */,
				298FD52E1F0B8FE6003F9C9F /* Release */,
			);
			defaultConfigurationIsVisible = 0;
			defaultConfigurationName = Release;
		};
		298FD52F1F0B8FE6003F9C9F /* Build configuration list for PBXNativeTarget "StudyDemo" */ = {
			isa = XCConfigurationList;
			buildConfigurations = (
				298FD5301F0B8FE6003F9C9F /* Debug */,
				298FD5311F0B8FE6003F9C9F /* Release */,
			);
			defaultConfigurationIsVisible = 0;
		};
		298FD5321F0B8FE6003F9C9F /* Build configuration list for PBXNativeTarget "StudyDemoTests" */ = {
			isa = XCConfigurationList;
			buildConfigurations = (
				298FD5331F0B8FE6003F9C9F /* Debug */,
				298FD5341F0B8FE6003F9C9F /* Release */,
			);
			defaultConfigurationIsVisible = 0;
		};
		298FD5351F0B8FE6003F9C9F /* Build configuration list for PBXNativeTarget "StudyDemoUITests" */ = {
			isa = XCConfigurationList;
			buildConfigurations = (
				298FD5361F0B8FE6003F9C9F /* Debug */,
				298FD5371F0B8FE6003F9C9F /* Release */,
			);
			defaultConfigurationIsVisible = 0;
		};
/* End XCConfigurationList section */
	};
	rootObject = 298FD4FA1F0B8FE6003F9C9F /* Project object */;
}
